
Microsoft Visual Studio Solution File, Format Version 12.00
# Visual Studio Version 16
VisualStudioVersion = 16.0.29324.140
MinimumVisualStudioVersion = 10.0.40219.1
Project("{FAE04EC0-301F-11D3-BF4B-00C04F79EFBC}") = "ConsoleApp1", "ConsoleApp1\ConsoleApp1.csproj", "{14C9F181-073A-4E89-8049-77DDEADEC741}"
EndProject
Global
	GlobalSection(SolutionConfigurationPlatforms) = preSolution
		Debug|Any CPU = Debug|Any CPU
		Release|Any CPU = Release|Any CPU
	EndGlobalSection
	GlobalSection(ProjectConfigurationPlatforms) = postSolution
		{14C9F181-073A-4E89-8049-77DDEADEC741}.Debug|Any CPU.ActiveCfg = Debug|Any CPU
		{14C9F181-073A-4E89-8049-77DDEADEC741}.Debug|Any CPU.Build.0 = Debug|Any CPU
		{14C9F181-073A-4E89-8049-77DDEADEC741}.Release|Any CPU.ActiveCfg = Release|Any CPU
		{14C9F181-073A-4E89-8049-77DDEADEC741}.Release|Any CPU.Build.0 = Release|Any CPU
	EndGlobalSection
	GlobalSection(SolutionProperties) = preSolution
		HideSolutionNode = FALSE
	EndGlobalSection
	GlobalSection(ExtensibilityGlobals) = postSolution
		SolutionGuid = {822D0563-3069-4A6D-87F9-DF5BD88E22E7}
	EndGlobalSection
EndGlobal
